
Microsoft Visual Studio Solution File, Format Version 12.00
# Visual Studio 15
VisualStudioVersion = 15.0.27428.2037
MinimumVisualStudioVersion = 10.0.40219.1
Project("{FAE04EC0-301F-11D3-BF4B-00C04F79EFBC}") = "DigitalLibraryApplication", "DigitalLibraryApplication\DigitalLibraryApplication.csproj", "{A7F5AAE2-E270-4EB6-8AA8-317DE20A6752}"
EndProject
Project("{FAE04EC0-301F-11D3-BF4B-00C04F79EFBC}") = "DigitalLibraryIntegrationTests", "DigitalLibraryIntegrationTests\DigitalLibraryIntegrationTests.csproj", "{F5D09131-A15C-4D92-AE4F-0319F43101D3}"
EndProject
Project("{FAE04EC0-301F-11D3-BF4B-00C04F79EFBC}") = "DigitalLibraryUnitTests", "DigitalLibraryUnitTests\DigitalLibraryUnitTests.csproj", "{1A19FEB0-98F1-4542-9B2C-1BFD309282EC}"
EndProject
Global
	GlobalSection(SolutionConfigurationPlatforms) = preSolution
		Debug|Any CPU = Debug|Any CPU
		Release|Any CPU = Release|Any CPU
	EndGlobalSection
	GlobalSection(ProjectConfigurationPlatforms) = postSolution
		{A7F5AAE2-E270-4EB6-8AA8-317DE20A6752}.Debug|Any CPU.ActiveCfg = Debug|Any CPU
		{A7F5AAE2-E270-4EB6-8AA8-317DE20A6752}.Debug|Any CPU.Build.0 = Debug|Any CPU
		{A7F5AAE2-E270-4EB6-8AA8-317DE20A6752}.Release|Any CPU.ActiveCfg = Release|Any CPU
		{A7F5AAE2-E270-4EB6-8AA8-317DE20A6752}.Release|Any CPU.Build.0 = Release|Any CPU
		{F5D09131-A15C-4D92-AE4F-0319F43101D3}.Debug|Any CPU.ActiveCfg = Debug|Any CPU
		{F5D09131-A15C-4D92-AE4F-0319F43101D3}.Debug|Any CPU.Build.0 = Debug|Any CPU
		{F5D09131-A15C-4D92-AE4F-0319F43101D3}.Release|Any CPU.ActiveCfg = Release|Any CPU
		{F5D09131-A15C-4D92-AE4F-0319F43101D3}.Release|Any CPU.Build.0 = Release|Any CPU
		{1A19FEB0-98F1-4542-9B2C-1BFD309282EC}.Debug|Any CPU.ActiveCfg = Debug|Any CPU
		{1A19FEB0-98F1-4542-9B2C-1BFD309282EC}.Debug|Any CPU.Build.0 = Debug|Any CPU
		{1A19FEB0-98F1-4542-9B2C-1BFD309282EC}.Release|Any CPU.ActiveCfg = Release|Any CPU
		{1A19FEB0-98F1-4542-9B2C-1BFD309282EC}.Release|Any CPU.Build.0 = Release|Any CPU
	EndGlobalSection
	GlobalSection(SolutionProperties) = preSolution
		HideSolutionNode = FALSE
	EndGlobalSection
	GlobalSection(ExtensibilityGlobals) = postSolution
		SolutionGuid = {4D39BFC8-92C4-4C55-9EE2-913771214338}
	EndGlobalSection
EndGlobal
